
Microsoft Visual Studio Solution File, Format Version 12.00
# Visual Studio Version 17
VisualStudioVersion = 17.0.31903.59
MinimumVisualStudioVersion = 10.0.40219.1
Project("{2150E333-8FDC-42A3-9474-1A3956D46DE8}") = "Solution Items", "Solution Items", "{CFF409CD-6888-410F-94FC-B160F730BA56}"
	ProjectSection(SolutionItems) = preProject
		.editorconfig = .editorconfig
		.gitattributes = .gitattributes
		.gitignore = .gitignore
		Directory.Build.props = Directory.Build.props
		Directory.Packages.props = Directory.Packages.props
		global.json = global.json
		README.md = README.md
	EndProjectSection
EndProject
Project("{2150E333-8FDC-42A3-9474-1A3956D46DE8}") = "src", "src", "{78580EF7-A758-4CE3-858B-FB98318E1CAA}"
EndProject
Project("{FAE04EC0-301F-11D3-BF4B-00C04F79EFBC}") = "WpfBlazor", "src\WpfBlazor\WpfBlazor.csproj", "{3373640C-084C-464E-81CE-6FB825A49595}"
EndProject
Project("{FAE04EC0-301F-11D3-BF4B-00C04F79EFBC}") = "K0x.DataStorage.JsonFiles", "src\K0x.DataStorage.JsonFiles\K0x.DataStorage.JsonFiles.csproj", "{E1F69249-32FA-4284-A631-B7E5F7572CBB}"
EndProject
Project("{FAE04EC0-301F-11D3-BF4B-00C04F79EFBC}") = "K0x.Workbench.DataStorage.JsonFiles", "src\K0x.Workbench.DataStorage.JsonFiles\K0x.Workbench.DataStorage.JsonFiles.csproj", "{4A6B94CB-A56A-4F21-961A-CF51088B5A88}"
EndProject
Project("{FAE04EC0-301F-11D3-BF4B-00C04F79EFBC}") = "K0x.Workbench.DataStorage.Abstractions", "src\K0x.Workbench.DataStorage.Abstractions\K0x.Workbench.DataStorage.Abstractions.csproj", "{26B2754D-03E4-4A27-8C46-CF9AB760DB12}"
EndProject
Project("{2150E333-8FDC-42A3-9474-1A3956D46DE8}") = "tests", "tests", "{61700B53-9C37-4B60-A52D-33E51FD89B8F}"
EndProject
Project("{FAE04EC0-301F-11D3-BF4B-00C04F79EFBC}") = "K0x.DataStorage.JsonFiles.Tests", "tests\K0x.DataStorage.JsonFiles.Tests\K0x.DataStorage.JsonFiles.Tests.csproj", "{F941293C-8D37-42D4-8314-66BC9F9770B4}"
EndProject
Project("{FAE04EC0-301F-11D3-BF4B-00C04F79EFBC}") = "K0x.Workbench.DataStorage.JsonFiles.Tests", "tests\K0x.Workbench.DataStorage.JsonFiles.Tests\K0x.Workbench.DataStorage.JsonFiles.Tests.csproj", "{8C2F484D-69B4-4052-B89E-B8BC994C9673}"
EndProject
Project("{FAE04EC0-301F-11D3-BF4B-00C04F79EFBC}") = "PubAndDeploy", "PubAndDeploy\PubAndDeploy.csproj", "{E32C197F-A1D6-418D-9EE6-E8BAC9D4889E}"
EndProject
Global
	GlobalSection(SolutionConfigurationPlatforms) = preSolution
		Debug|Any CPU = Debug|Any CPU
		Release|Any CPU = Release|Any CPU
	EndGlobalSection
	GlobalSection(ProjectConfigurationPlatforms) = postSolution
		{3373640C-084C-464E-81CE-6FB825A49595}.Debug|Any CPU.ActiveCfg = Debug|Any CPU
		{3373640C-084C-464E-81CE-6FB825A49595}.Debug|Any CPU.Build.0 = Debug|Any CPU
		{3373640C-084C-464E-81CE-6FB825A49595}.Release|Any CPU.ActiveCfg = Release|Any CPU
		{3373640C-084C-464E-81CE-6FB825A49595}.Release|Any CPU.Build.0 = Release|Any CPU
		{E1F69249-32FA-4284-A631-B7E5F7572CBB}.Debug|Any CPU.ActiveCfg = Debug|Any CPU
		{E1F69249-32FA-4284-A631-B7E5F7572CBB}.Debug|Any CPU.Build.0 = Debug|Any CPU
		{E1F69249-32FA-4284-A631-B7E5F7572CBB}.Release|Any CPU.ActiveCfg = Release|Any CPU
		{E1F69249-32FA-4284-A631-B7E5F7572CBB}.Release|Any CPU.Build.0 = Release|Any CPU
		{4A6B94CB-A56A-4F21-961A-CF51088B5A88}.Debug|Any CPU.ActiveCfg = Debug|Any CPU
		{4A6B94CB-A56A-4F21-961A-CF51088B5A88}.Debug|Any CPU.Build.0 = Debug|Any CPU
		{4A6B94CB-A56A-4F21-961A-CF51088B5A88}.Release|Any CPU.ActiveCfg = Release|Any CPU
		{4A6B94CB-A56A-4F21-961A-CF51088B5A88}.Release|Any CPU.Build.0 = Release|Any CPU
		{26B2754D-03E4-4A27-8C46-CF9AB760DB12}.Debug|Any CPU.ActiveCfg = Debug|Any CPU
		{26B2754D-03E4-4A27-8C46-CF9AB760DB12}.Debug|Any CPU.Build.0 = Debug|Any CPU
		{26B2754D-03E4-4A27-8C46-CF9AB760DB12}.Release|Any CPU.ActiveCfg = Release|Any CPU
		{26B2754D-03E4-4A27-8C46-CF9AB760DB12}.Release|Any CPU.Build.0 = Release|Any CPU
		{F941293C-8D37-42D4-8314-66BC9F9770B4}.Debug|Any CPU.ActiveCfg = Debug|Any CPU
		{F941293C-8D37-42D4-8314-66BC9F9770B4}.Debug|Any CPU.Build.0 = Debug|Any CPU
		{F941293C-8D37-42D4-8314-66BC9F9770B4}.Release|Any CPU.ActiveCfg = Release|Any CPU
		{F941293C-8D37-42D4-8314-66BC9F9770B4}.Release|Any CPU.Build.0 = Release|Any CPU
		{8C2F484D-69B4-4052-B89E-B8BC994C9673}.Debug|Any CPU.ActiveCfg = Debug|Any CPU
		{8C2F484D-69B4-4052-B89E-B8BC994C9673}.Debug|Any CPU.Build.0 = Debug|Any CPU
		{8C2F484D-69B4-4052-B89E-B8BC994C9673}.Release|Any CPU.ActiveCfg = Release|Any CPU
		{8C2F484D-69B4-4052-B89E-B8BC994C9673}.Release|Any CPU.Build.0 = Release|Any CPU
		{E32C197F-A1D6-418D-9EE6-E8BAC9D4889E}.Debug|Any CPU.ActiveCfg = Debug|Any CPU
		{E32C197F-A1D6-418D-9EE6-E8BAC9D4889E}.Release|Any CPU.ActiveCfg = Release|Any CPU
	EndGlobalSection
	GlobalSection(SolutionProperties) = preSolution
		HideSolutionNode = FALSE
	EndGlobalSection
	GlobalSection(NestedProjects) = preSolution
		{3373640C-084C-464E-81CE-6FB825A49595} = {78580EF7-A758-4CE3-858B-FB98318E1CAA}
		{E1F69249-32FA-4284-A631-B7E5F7572CBB} = {78580EF7-A758-4CE3-858B-FB98318E1CAA}
		{4A6B94CB-A56A-4F21-961A-CF51088B5A88} = {78580EF7-A758-4CE3-858B-FB98318E1CAA}
		{26B2754D-03E4-4A27-8C46-CF9AB760DB12} = {78580EF7-A758-4CE3-858B-FB98318E1CAA}
		{F941293C-8D37-42D4-8314-66BC9F9770B4} = {61700B53-9C37-4B60-A52D-33E51FD89B8F}
		{8C2F484D-69B4-4052-B89E-B8BC994C9673} = {61700B53-9C37-4B60-A52D-33E51FD89B8F}
	EndGlobalSection
	GlobalSection(ExtensibilityGlobals) = postSolution
		SolutionGuid = {4B3FD197-BB31-4CE1-BD11-17B5A691F56A}
	EndGlobalSection
EndGlobal
