
Microsoft Visual Studio Solution File, Format Version 12.00
# Visual Studio Version 17
VisualStudioVersion = 17.0.31903.59
MinimumVisualStudioVersion = 10.0.40219.1
Project("{FAE04EC0-301F-11D3-BF4B-00C04F79EFBC}") = "WpfBlazor", "WpfBlazor\WpfBlazor.csproj", "{418ACCE2-B685-4102-9618-1AD705E3F230}"
EndProject
Project("{2150E333-8FDC-42A3-9474-1A3956D46DE8}") = "Solution Items", "Solution Items", "{CFF409CD-6888-410F-94FC-B160F730BA56}"
	ProjectSection(SolutionItems) = preProject
		.editorconfig = .editorconfig
		.gitattribues = .gitattribues
		.gitignore = .gitignore
		global.json = global.json
		README.md = README.md
	EndProjectSection
EndProject
Global
	GlobalSection(SolutionConfigurationPlatforms) = preSolution
		Debug|Any CPU = Debug|Any CPU
		Release|Any CPU = Release|Any CPU
	EndGlobalSection
	GlobalSection(ProjectConfigurationPlatforms) = postSolution
		{418ACCE2-B685-4102-9618-1AD705E3F230}.Debug|Any CPU.ActiveCfg = Debug|Any CPU
		{418ACCE2-B685-4102-9618-1AD705E3F230}.Debug|Any CPU.Build.0 = Debug|Any CPU
		{418ACCE2-B685-4102-9618-1AD705E3F230}.Release|Any CPU.ActiveCfg = Release|Any CPU
		{418ACCE2-B685-4102-9618-1AD705E3F230}.Release|Any CPU.Build.0 = Release|Any CPU
	EndGlobalSection
	GlobalSection(SolutionProperties) = preSolution
		HideSolutionNode = FALSE
	EndGlobalSection
	GlobalSection(ExtensibilityGlobals) = postSolution
		SolutionGuid = {4B3FD197-BB31-4CE1-BD11-17B5A691F56A}
	EndGlobalSection
EndGlobal
