
Microsoft Visual Studio Solution File, Format Version 12.00
# Visual Studio Version 17
VisualStudioVersion = 17.0.31903.59
MinimumVisualStudioVersion = 10.0.40219.1
Project("{2150E333-8FDC-42A3-9474-1A3956D46DE8}") = "Solution Items", "Solution Items", "{CFF409CD-6888-410F-94FC-B160F730BA56}"
	ProjectSection(SolutionItems) = preProject
		.editorconfig = .editorconfig
		.gitattributes = .gitattributes
		.gitignore = .gitignore
		.vsconfig = .vsconfig
		cspell.config.yaml = cspell.config.yaml
		Directory.Build.props = Directory.Build.props
		Directory.Packages.props = Directory.Packages.props
		global.json = global.json
		LICENSE = LICENSE
		README.md = README.md
	EndProjectSection
EndProject
Project("{2150E333-8FDC-42A3-9474-1A3956D46DE8}") = "src", "src", "{78580EF7-A758-4CE3-858B-FB98318E1CAA}"
EndProject
Project("{FAE04EC0-301F-11D3-BF4B-00C04F79EFBC}") = "WpfBlazor", "src\WpfBlazor\WpfBlazor.csproj", "{3373640C-084C-464E-81CE-6FB825A49595}"
EndProject
Project("{FAE04EC0-301F-11D3-BF4B-00C04F79EFBC}") = "K0x.DataStorage.JsonFiles", "src\K0x.DataStorage.JsonFiles\K0x.DataStorage.JsonFiles.csproj", "{E1F69249-32FA-4284-A631-B7E5F7572CBB}"
EndProject
Project("{FAE04EC0-301F-11D3-BF4B-00C04F79EFBC}") = "K0x.Workbench.DataStorage.JsonFiles", "src\K0x.Workbench.DataStorage.JsonFiles\K0x.Workbench.DataStorage.JsonFiles.csproj", "{4A6B94CB-A56A-4F21-961A-CF51088B5A88}"
EndProject
Project("{FAE04EC0-301F-11D3-BF4B-00C04F79EFBC}") = "K0x.Workbench.DataStorage.Abstractions", "src\K0x.Workbench.DataStorage.Abstractions\K0x.Workbench.DataStorage.Abstractions.csproj", "{26B2754D-03E4-4A27-8C46-CF9AB760DB12}"
EndProject
Project("{2150E333-8FDC-42A3-9474-1A3956D46DE8}") = "tests", "tests", "{61700B53-9C37-4B60-A52D-33E51FD89B8F}"
EndProject
Project("{FAE04EC0-301F-11D3-BF4B-00C04F79EFBC}") = "K0x.DataStorage.JsonFiles.Tests", "tests\K0x.DataStorage.JsonFiles.Tests\K0x.DataStorage.JsonFiles.Tests.csproj", "{F941293C-8D37-42D4-8314-66BC9F9770B4}"
EndProject
Project("{FAE04EC0-301F-11D3-BF4B-00C04F79EFBC}") = "K0x.Workbench.DataStorage.JsonFiles.Tests", "tests\K0x.Workbench.DataStorage.JsonFiles.Tests\K0x.Workbench.DataStorage.JsonFiles.Tests.csproj", "{8C2F484D-69B4-4052-B89E-B8BC994C9673}"
EndProject
Project("{FAE04EC0-301F-11D3-BF4B-00C04F79EFBC}") = "PubAndDeploy", "PubAndDeploy\PubAndDeploy.csproj", "{E32C197F-A1D6-418D-9EE6-E8BAC9D4889E}"
EndProject
Project("{FAE04EC0-301F-11D3-BF4B-00C04F79EFBC}") = "K0x.Workbench.RecentBenches.Abstractions", "src\K0x.Workbench.RecentBenches.Abstractions\K0x.Workbench.RecentBenches.Abstractions.csproj", "{70F71401-65F7-45A0-B430-ABED88FB4D2F}"
EndProject
Project("{FAE04EC0-301F-11D3-BF4B-00C04F79EFBC}") = "K0x.Workbench.RecentBenches", "src\K0x.Workbench.RecentBenches\K0x.Workbench.RecentBenches.csproj", "{9ABD6CE6-6351-4122-BE1C-0F7FF6724D19}"
EndProject
Project("{FAE04EC0-301F-11D3-BF4B-00C04F79EFBC}") = "K0x.Workbench.RecentBenches.Tests", "tests\K0x.Workbench.RecentBenches.Tests\K0x.Workbench.RecentBenches.Tests.csproj", "{F852CD56-9FB0-44C0-A314-D2CA81FDE461}"
EndProject
Project("{FAE04EC0-301F-11D3-BF4B-00C04F79EFBC}") = "K0x.Workbench.Files.Abstractions", "src\K0x.Workbench.Files.Abstractions\K0x.Workbench.Files.Abstractions.csproj", "{26E4B133-CC19-49D8-B4A3-03796B35B987}"
EndProject
Project("{2150E333-8FDC-42A3-9474-1A3956D46DE8}") = "Msix", "Msix", "{02EA681E-C7D8-13C7-8484-4AC65E1B71E8}"
EndProject
Project("{C7167F0D-BC9F-4E6E-AFE1-012C56B48DB5}") = "WpfBlazor.Packaging", "Msix\WpfBlazor.Packaging\WpfBlazor.Packaging.wapproj", "{071C1DB4-DFD2-4412-A595-11B8410DDBFE}"
EndProject
Global
	GlobalSection(SolutionConfigurationPlatforms) = preSolution
		Debug|Any CPU = Debug|Any CPU
		Debug|ARM = Debug|ARM
		Debug|ARM64 = Debug|ARM64
		Debug|x64 = Debug|x64
		Debug|x86 = Debug|x86
		Release|Any CPU = Release|Any CPU
		Release|ARM = Release|ARM
		Release|ARM64 = Release|ARM64
		Release|x64 = Release|x64
		Release|x86 = Release|x86
	EndGlobalSection
	GlobalSection(ProjectConfigurationPlatforms) = postSolution
		{3373640C-084C-464E-81CE-6FB825A49595}.Debug|Any CPU.ActiveCfg = Debug|Any CPU
		{3373640C-084C-464E-81CE-6FB825A49595}.Debug|Any CPU.Build.0 = Debug|Any CPU
		{3373640C-084C-464E-81CE-6FB825A49595}.Debug|ARM.ActiveCfg = Debug|Any CPU
		{3373640C-084C-464E-81CE-6FB825A49595}.Debug|ARM.Build.0 = Debug|Any CPU
		{3373640C-084C-464E-81CE-6FB825A49595}.Debug|ARM64.ActiveCfg = Debug|Any CPU
		{3373640C-084C-464E-81CE-6FB825A49595}.Debug|ARM64.Build.0 = Debug|Any CPU
		{3373640C-084C-464E-81CE-6FB825A49595}.Debug|x64.ActiveCfg = Debug|x64
		{3373640C-084C-464E-81CE-6FB825A49595}.Debug|x64.Build.0 = Debug|x64
		{3373640C-084C-464E-81CE-6FB825A49595}.Debug|x86.ActiveCfg = Debug|Any CPU
		{3373640C-084C-464E-81CE-6FB825A49595}.Debug|x86.Build.0 = Debug|Any CPU
		{3373640C-084C-464E-81CE-6FB825A49595}.Release|Any CPU.ActiveCfg = Release|Any CPU
		{3373640C-084C-464E-81CE-6FB825A49595}.Release|Any CPU.Build.0 = Release|Any CPU
		{3373640C-084C-464E-81CE-6FB825A49595}.Release|ARM.ActiveCfg = Release|Any CPU
		{3373640C-084C-464E-81CE-6FB825A49595}.Release|ARM.Build.0 = Release|Any CPU
		{3373640C-084C-464E-81CE-6FB825A49595}.Release|ARM64.ActiveCfg = Release|Any CPU
		{3373640C-084C-464E-81CE-6FB825A49595}.Release|ARM64.Build.0 = Release|Any CPU
		{3373640C-084C-464E-81CE-6FB825A49595}.Release|x64.ActiveCfg = Release|x64
		{3373640C-084C-464E-81CE-6FB825A49595}.Release|x64.Build.0 = Release|x64
		{3373640C-084C-464E-81CE-6FB825A49595}.Release|x86.ActiveCfg = Release|Any CPU
		{3373640C-084C-464E-81CE-6FB825A49595}.Release|x86.Build.0 = Release|Any CPU
		{E1F69249-32FA-4284-A631-B7E5F7572CBB}.Debug|Any CPU.ActiveCfg = Debug|Any CPU
		{E1F69249-32FA-4284-A631-B7E5F7572CBB}.Debug|Any CPU.Build.0 = Debug|Any CPU
		{E1F69249-32FA-4284-A631-B7E5F7572CBB}.Debug|ARM.ActiveCfg = Debug|Any CPU
		{E1F69249-32FA-4284-A631-B7E5F7572CBB}.Debug|ARM.Build.0 = Debug|Any CPU
		{E1F69249-32FA-4284-A631-B7E5F7572CBB}.Debug|ARM64.ActiveCfg = Debug|Any CPU
		{E1F69249-32FA-4284-A631-B7E5F7572CBB}.Debug|ARM64.Build.0 = Debug|Any CPU
		{E1F69249-32FA-4284-A631-B7E5F7572CBB}.Debug|x64.ActiveCfg = Debug|Any CPU
		{E1F69249-32FA-4284-A631-B7E5F7572CBB}.Debug|x64.Build.0 = Debug|Any CPU
		{E1F69249-32FA-4284-A631-B7E5F7572CBB}.Debug|x86.ActiveCfg = Debug|Any CPU
		{E1F69249-32FA-4284-A631-B7E5F7572CBB}.Debug|x86.Build.0 = Debug|Any CPU
		{E1F69249-32FA-4284-A631-B7E5F7572CBB}.Release|Any CPU.ActiveCfg = Release|Any CPU
		{E1F69249-32FA-4284-A631-B7E5F7572CBB}.Release|Any CPU.Build.0 = Release|Any CPU
		{E1F69249-32FA-4284-A631-B7E5F7572CBB}.Release|ARM.ActiveCfg = Release|Any CPU
		{E1F69249-32FA-4284-A631-B7E5F7572CBB}.Release|ARM.Build.0 = Release|Any CPU
		{E1F69249-32FA-4284-A631-B7E5F7572CBB}.Release|ARM64.ActiveCfg = Release|Any CPU
		{E1F69249-32FA-4284-A631-B7E5F7572CBB}.Release|ARM64.Build.0 = Release|Any CPU
		{E1F69249-32FA-4284-A631-B7E5F7572CBB}.Release|x64.ActiveCfg = Release|Any CPU
		{E1F69249-32FA-4284-A631-B7E5F7572CBB}.Release|x64.Build.0 = Release|Any CPU
		{E1F69249-32FA-4284-A631-B7E5F7572CBB}.Release|x86.ActiveCfg = Release|Any CPU
		{E1F69249-32FA-4284-A631-B7E5F7572CBB}.Release|x86.Build.0 = Release|Any CPU
		{4A6B94CB-A56A-4F21-961A-CF51088B5A88}.Debug|Any CPU.ActiveCfg = Debug|Any CPU
		{4A6B94CB-A56A-4F21-961A-CF51088B5A88}.Debug|Any CPU.Build.0 = Debug|Any CPU
		{4A6B94CB-A56A-4F21-961A-CF51088B5A88}.Debug|ARM.ActiveCfg = Debug|Any CPU
		{4A6B94CB-A56A-4F21-961A-CF51088B5A88}.Debug|ARM.Build.0 = Debug|Any CPU
		{4A6B94CB-A56A-4F21-961A-CF51088B5A88}.Debug|ARM64.ActiveCfg = Debug|Any CPU
		{4A6B94CB-A56A-4F21-961A-CF51088B5A88}.Debug|ARM64.Build.0 = Debug|Any CPU
		{4A6B94CB-A56A-4F21-961A-CF51088B5A88}.Debug|x64.ActiveCfg = Debug|Any CPU
		{4A6B94CB-A56A-4F21-961A-CF51088B5A88}.Debug|x64.Build.0 = Debug|Any CPU
		{4A6B94CB-A56A-4F21-961A-CF51088B5A88}.Debug|x86.ActiveCfg = Debug|Any CPU
		{4A6B94CB-A56A-4F21-961A-CF51088B5A88}.Debug|x86.Build.0 = Debug|Any CPU
		{4A6B94CB-A56A-4F21-961A-CF51088B5A88}.Release|Any CPU.ActiveCfg = Release|Any CPU
		{4A6B94CB-A56A-4F21-961A-CF51088B5A88}.Release|Any CPU.Build.0 = Release|Any CPU
		{4A6B94CB-A56A-4F21-961A-CF51088B5A88}.Release|ARM.ActiveCfg = Release|Any CPU
		{4A6B94CB-A56A-4F21-961A-CF51088B5A88}.Release|ARM.Build.0 = Release|Any CPU
		{4A6B94CB-A56A-4F21-961A-CF51088B5A88}.Release|ARM64.ActiveCfg = Release|Any CPU
		{4A6B94CB-A56A-4F21-961A-CF51088B5A88}.Release|ARM64.Build.0 = Release|Any CPU
		{4A6B94CB-A56A-4F21-961A-CF51088B5A88}.Release|x64.ActiveCfg = Release|Any CPU
		{4A6B94CB-A56A-4F21-961A-CF51088B5A88}.Release|x64.Build.0 = Release|Any CPU
		{4A6B94CB-A56A-4F21-961A-CF51088B5A88}.Release|x86.ActiveCfg = Release|Any CPU
		{4A6B94CB-A56A-4F21-961A-CF51088B5A88}.Release|x86.Build.0 = Release|Any CPU
		{26B2754D-03E4-4A27-8C46-CF9AB760DB12}.Debug|Any CPU.ActiveCfg = Debug|Any CPU
		{26B2754D-03E4-4A27-8C46-CF9AB760DB12}.Debug|Any CPU.Build.0 = Debug|Any CPU
		{26B2754D-03E4-4A27-8C46-CF9AB760DB12}.Debug|ARM.ActiveCfg = Debug|Any CPU
		{26B2754D-03E4-4A27-8C46-CF9AB760DB12}.Debug|ARM.Build.0 = Debug|Any CPU
		{26B2754D-03E4-4A27-8C46-CF9AB760DB12}.Debug|ARM64.ActiveCfg = Debug|Any CPU
		{26B2754D-03E4-4A27-8C46-CF9AB760DB12}.Debug|ARM64.Build.0 = Debug|Any CPU
		{26B2754D-03E4-4A27-8C46-CF9AB760DB12}.Debug|x64.ActiveCfg = Debug|Any CPU
		{26B2754D-03E4-4A27-8C46-CF9AB760DB12}.Debug|x64.Build.0 = Debug|Any CPU
		{26B2754D-03E4-4A27-8C46-CF9AB760DB12}.Debug|x86.ActiveCfg = Debug|Any CPU
		{26B2754D-03E4-4A27-8C46-CF9AB760DB12}.Debug|x86.Build.0 = Debug|Any CPU
		{26B2754D-03E4-4A27-8C46-CF9AB760DB12}.Release|Any CPU.ActiveCfg = Release|Any CPU
		{26B2754D-03E4-4A27-8C46-CF9AB760DB12}.Release|Any CPU.Build.0 = Release|Any CPU
		{26B2754D-03E4-4A27-8C46-CF9AB760DB12}.Release|ARM.ActiveCfg = Release|Any CPU
		{26B2754D-03E4-4A27-8C46-CF9AB760DB12}.Release|ARM.Build.0 = Release|Any CPU
		{26B2754D-03E4-4A27-8C46-CF9AB760DB12}.Release|ARM64.ActiveCfg = Release|Any CPU
		{26B2754D-03E4-4A27-8C46-CF9AB760DB12}.Release|ARM64.Build.0 = Release|Any CPU
		{26B2754D-03E4-4A27-8C46-CF9AB760DB12}.Release|x64.ActiveCfg = Release|Any CPU
		{26B2754D-03E4-4A27-8C46-CF9AB760DB12}.Release|x64.Build.0 = Release|Any CPU
		{26B2754D-03E4-4A27-8C46-CF9AB760DB12}.Release|x86.ActiveCfg = Release|Any CPU
		{26B2754D-03E4-4A27-8C46-CF9AB760DB12}.Release|x86.Build.0 = Release|Any CPU
		{F941293C-8D37-42D4-8314-66BC9F9770B4}.Debug|Any CPU.ActiveCfg = Debug|Any CPU
		{F941293C-8D37-42D4-8314-66BC9F9770B4}.Debug|Any CPU.Build.0 = Debug|Any CPU
		{F941293C-8D37-42D4-8314-66BC9F9770B4}.Debug|ARM.ActiveCfg = Debug|Any CPU
		{F941293C-8D37-42D4-8314-66BC9F9770B4}.Debug|ARM.Build.0 = Debug|Any CPU
		{F941293C-8D37-42D4-8314-66BC9F9770B4}.Debug|ARM64.ActiveCfg = Debug|Any CPU
		{F941293C-8D37-42D4-8314-66BC9F9770B4}.Debug|ARM64.Build.0 = Debug|Any CPU
		{F941293C-8D37-42D4-8314-66BC9F9770B4}.Debug|x64.ActiveCfg = Debug|Any CPU
		{F941293C-8D37-42D4-8314-66BC9F9770B4}.Debug|x64.Build.0 = Debug|Any CPU
		{F941293C-8D37-42D4-8314-66BC9F9770B4}.Debug|x86.ActiveCfg = Debug|Any CPU
		{F941293C-8D37-42D4-8314-66BC9F9770B4}.Debug|x86.Build.0 = Debug|Any CPU
		{F941293C-8D37-42D4-8314-66BC9F9770B4}.Release|Any CPU.ActiveCfg = Release|Any CPU
		{F941293C-8D37-42D4-8314-66BC9F9770B4}.Release|Any CPU.Build.0 = Release|Any CPU
		{F941293C-8D37-42D4-8314-66BC9F9770B4}.Release|ARM.ActiveCfg = Release|Any CPU
		{F941293C-8D37-42D4-8314-66BC9F9770B4}.Release|ARM.Build.0 = Release|Any CPU
		{F941293C-8D37-42D4-8314-66BC9F9770B4}.Release|ARM64.ActiveCfg = Release|Any CPU
		{F941293C-8D37-42D4-8314-66BC9F9770B4}.Release|ARM64.Build.0 = Release|Any CPU
		{F941293C-8D37-42D4-8314-66BC9F9770B4}.Release|x64.ActiveCfg = Release|Any CPU
		{F941293C-8D37-42D4-8314-66BC9F9770B4}.Release|x64.Build.0 = Release|Any CPU
		{F941293C-8D37-42D4-8314-66BC9F9770B4}.Release|x86.ActiveCfg = Release|Any CPU
		{F941293C-8D37-42D4-8314-66BC9F9770B4}.Release|x86.Build.0 = Release|Any CPU
		{8C2F484D-69B4-4052-B89E-B8BC994C9673}.Debug|Any CPU.ActiveCfg = Debug|Any CPU
		{8C2F484D-69B4-4052-B89E-B8BC994C9673}.Debug|Any CPU.Build.0 = Debug|Any CPU
		{8C2F484D-69B4-4052-B89E-B8BC994C9673}.Debug|ARM.ActiveCfg = Debug|Any CPU
		{8C2F484D-69B4-4052-B89E-B8BC994C9673}.Debug|ARM.Build.0 = Debug|Any CPU
		{8C2F484D-69B4-4052-B89E-B8BC994C9673}.Debug|ARM64.ActiveCfg = Debug|Any CPU
		{8C2F484D-69B4-4052-B89E-B8BC994C9673}.Debug|ARM64.Build.0 = Debug|Any CPU
		{8C2F484D-69B4-4052-B89E-B8BC994C9673}.Debug|x64.ActiveCfg = Debug|Any CPU
		{8C2F484D-69B4-4052-B89E-B8BC994C9673}.Debug|x64.Build.0 = Debug|Any CPU
		{8C2F484D-69B4-4052-B89E-B8BC994C9673}.Debug|x86.ActiveCfg = Debug|Any CPU
		{8C2F484D-69B4-4052-B89E-B8BC994C9673}.Debug|x86.Build.0 = Debug|Any CPU
		{8C2F484D-69B4-4052-B89E-B8BC994C9673}.Release|Any CPU.ActiveCfg = Release|Any CPU
		{8C2F484D-69B4-4052-B89E-B8BC994C9673}.Release|Any CPU.Build.0 = Release|Any CPU
		{8C2F484D-69B4-4052-B89E-B8BC994C9673}.Release|ARM.ActiveCfg = Release|Any CPU
		{8C2F484D-69B4-4052-B89E-B8BC994C9673}.Release|ARM.Build.0 = Release|Any CPU
		{8C2F484D-69B4-4052-B89E-B8BC994C9673}.Release|ARM64.ActiveCfg = Release|Any CPU
		{8C2F484D-69B4-4052-B89E-B8BC994C9673}.Release|ARM64.Build.0 = Release|Any CPU
		{8C2F484D-69B4-4052-B89E-B8BC994C9673}.Release|x64.ActiveCfg = Release|Any CPU
		{8C2F484D-69B4-4052-B89E-B8BC994C9673}.Release|x64.Build.0 = Release|Any CPU
		{8C2F484D-69B4-4052-B89E-B8BC994C9673}.Release|x86.ActiveCfg = Release|Any CPU
		{8C2F484D-69B4-4052-B89E-B8BC994C9673}.Release|x86.Build.0 = Release|Any CPU
		{E32C197F-A1D6-418D-9EE6-E8BAC9D4889E}.Debug|Any CPU.ActiveCfg = Debug|Any CPU
		{E32C197F-A1D6-418D-9EE6-E8BAC9D4889E}.Debug|ARM.ActiveCfg = Debug|Any CPU
		{E32C197F-A1D6-418D-9EE6-E8BAC9D4889E}.Debug|ARM.Build.0 = Debug|Any CPU
		{E32C197F-A1D6-418D-9EE6-E8BAC9D4889E}.Debug|ARM64.ActiveCfg = Debug|Any CPU
		{E32C197F-A1D6-418D-9EE6-E8BAC9D4889E}.Debug|ARM64.Build.0 = Debug|Any CPU
		{E32C197F-A1D6-418D-9EE6-E8BAC9D4889E}.Debug|x64.ActiveCfg = Debug|Any CPU
		{E32C197F-A1D6-418D-9EE6-E8BAC9D4889E}.Debug|x64.Build.0 = Debug|Any CPU
		{E32C197F-A1D6-418D-9EE6-E8BAC9D4889E}.Debug|x86.ActiveCfg = Debug|Any CPU
		{E32C197F-A1D6-418D-9EE6-E8BAC9D4889E}.Debug|x86.Build.0 = Debug|Any CPU
		{E32C197F-A1D6-418D-9EE6-E8BAC9D4889E}.Release|Any CPU.ActiveCfg = Release|Any CPU
		{E32C197F-A1D6-418D-9EE6-E8BAC9D4889E}.Release|ARM.ActiveCfg = Release|Any CPU
		{E32C197F-A1D6-418D-9EE6-E8BAC9D4889E}.Release|ARM.Build.0 = Release|Any CPU
		{E32C197F-A1D6-418D-9EE6-E8BAC9D4889E}.Release|ARM64.ActiveCfg = Release|Any CPU
		{E32C197F-A1D6-418D-9EE6-E8BAC9D4889E}.Release|ARM64.Build.0 = Release|Any CPU
		{E32C197F-A1D6-418D-9EE6-E8BAC9D4889E}.Release|x64.ActiveCfg = Release|Any CPU
		{E32C197F-A1D6-418D-9EE6-E8BAC9D4889E}.Release|x64.Build.0 = Release|Any CPU
		{E32C197F-A1D6-418D-9EE6-E8BAC9D4889E}.Release|x86.ActiveCfg = Release|Any CPU
		{E32C197F-A1D6-418D-9EE6-E8BAC9D4889E}.Release|x86.Build.0 = Release|Any CPU
		{70F71401-65F7-45A0-B430-ABED88FB4D2F}.Debug|Any CPU.ActiveCfg = Debug|Any CPU
		{70F71401-65F7-45A0-B430-ABED88FB4D2F}.Debug|Any CPU.Build.0 = Debug|Any CPU
		{70F71401-65F7-45A0-B430-ABED88FB4D2F}.Debug|ARM.ActiveCfg = Debug|Any CPU
		{70F71401-65F7-45A0-B430-ABED88FB4D2F}.Debug|ARM.Build.0 = Debug|Any CPU
		{70F71401-65F7-45A0-B430-ABED88FB4D2F}.Debug|ARM64.ActiveCfg = Debug|Any CPU
		{70F71401-65F7-45A0-B430-ABED88FB4D2F}.Debug|ARM64.Build.0 = Debug|Any CPU
		{70F71401-65F7-45A0-B430-ABED88FB4D2F}.Debug|x64.ActiveCfg = Debug|Any CPU
		{70F71401-65F7-45A0-B430-ABED88FB4D2F}.Debug|x64.Build.0 = Debug|Any CPU
		{70F71401-65F7-45A0-B430-ABED88FB4D2F}.Debug|x86.ActiveCfg = Debug|Any CPU
		{70F71401-65F7-45A0-B430-ABED88FB4D2F}.Debug|x86.Build.0 = Debug|Any CPU
		{70F71401-65F7-45A0-B430-ABED88FB4D2F}.Release|Any CPU.ActiveCfg = Release|Any CPU
		{70F71401-65F7-45A0-B430-ABED88FB4D2F}.Release|Any CPU.Build.0 = Release|Any CPU
		{70F71401-65F7-45A0-B430-ABED88FB4D2F}.Release|ARM.ActiveCfg = Release|Any CPU
		{70F71401-65F7-45A0-B430-ABED88FB4D2F}.Release|ARM.Build.0 = Release|Any CPU
		{70F71401-65F7-45A0-B430-ABED88FB4D2F}.Release|ARM64.ActiveCfg = Release|Any CPU
		{70F71401-65F7-45A0-B430-ABED88FB4D2F}.Release|ARM64.Build.0 = Release|Any CPU
		{70F71401-65F7-45A0-B430-ABED88FB4D2F}.Release|x64.ActiveCfg = Release|Any CPU
		{70F71401-65F7-45A0-B430-ABED88FB4D2F}.Release|x64.Build.0 = Release|Any CPU
		{70F71401-65F7-45A0-B430-ABED88FB4D2F}.Release|x86.ActiveCfg = Release|Any CPU
		{70F71401-65F7-45A0-B430-ABED88FB4D2F}.Release|x86.Build.0 = Release|Any CPU
		{9ABD6CE6-6351-4122-BE1C-0F7FF6724D19}.Debug|Any CPU.ActiveCfg = Debug|Any CPU
		{9ABD6CE6-6351-4122-BE1C-0F7FF6724D19}.Debug|Any CPU.Build.0 = Debug|Any CPU
		{9ABD6CE6-6351-4122-BE1C-0F7FF6724D19}.Debug|ARM.ActiveCfg = Debug|Any CPU
		{9ABD6CE6-6351-4122-BE1C-0F7FF6724D19}.Debug|ARM.Build.0 = Debug|Any CPU
		{9ABD6CE6-6351-4122-BE1C-0F7FF6724D19}.Debug|ARM64.ActiveCfg = Debug|Any CPU
		{9ABD6CE6-6351-4122-BE1C-0F7FF6724D19}.Debug|ARM64.Build.0 = Debug|Any CPU
		{9ABD6CE6-6351-4122-BE1C-0F7FF6724D19}.Debug|x64.ActiveCfg = Debug|Any CPU
		{9ABD6CE6-6351-4122-BE1C-0F7FF6724D19}.Debug|x64.Build.0 = Debug|Any CPU
		{9ABD6CE6-6351-4122-BE1C-0F7FF6724D19}.Debug|x86.ActiveCfg = Debug|Any CPU
		{9ABD6CE6-6351-4122-BE1C-0F7FF6724D19}.Debug|x86.Build.0 = Debug|Any CPU
		{9ABD6CE6-6351-4122-BE1C-0F7FF6724D19}.Release|Any CPU.ActiveCfg = Release|Any CPU
		{9ABD6CE6-6351-4122-BE1C-0F7FF6724D19}.Release|Any CPU.Build.0 = Release|Any CPU
		{9ABD6CE6-6351-4122-BE1C-0F7FF6724D19}.Release|ARM.ActiveCfg = Release|Any CPU
		{9ABD6CE6-6351-4122-BE1C-0F7FF6724D19}.Release|ARM.Build.0 = Release|Any CPU
		{9ABD6CE6-6351-4122-BE1C-0F7FF6724D19}.Release|ARM64.ActiveCfg = Release|Any CPU
		{9ABD6CE6-6351-4122-BE1C-0F7FF6724D19}.Release|ARM64.Build.0 = Release|Any CPU
		{9ABD6CE6-6351-4122-BE1C-0F7FF6724D19}.Release|x64.ActiveCfg = Release|Any CPU
		{9ABD6CE6-6351-4122-BE1C-0F7FF6724D19}.Release|x64.Build.0 = Release|Any CPU
		{9ABD6CE6-6351-4122-BE1C-0F7FF6724D19}.Release|x86.ActiveCfg = Release|Any CPU
		{9ABD6CE6-6351-4122-BE1C-0F7FF6724D19}.Release|x86.Build.0 = Release|Any CPU
		{F852CD56-9FB0-44C0-A314-D2CA81FDE461}.Debug|Any CPU.ActiveCfg = Debug|Any CPU
		{F852CD56-9FB0-44C0-A314-D2CA81FDE461}.Debug|Any CPU.Build.0 = Debug|Any CPU
		{F852CD56-9FB0-44C0-A314-D2CA81FDE461}.Debug|ARM.ActiveCfg = Debug|Any CPU
		{F852CD56-9FB0-44C0-A314-D2CA81FDE461}.Debug|ARM.Build.0 = Debug|Any CPU
		{F852CD56-9FB0-44C0-A314-D2CA81FDE461}.Debug|ARM64.ActiveCfg = Debug|Any CPU
		{F852CD56-9FB0-44C0-A314-D2CA81FDE461}.Debug|ARM64.Build.0 = Debug|Any CPU
		{F852CD56-9FB0-44C0-A314-D2CA81FDE461}.Debug|x64.ActiveCfg = Debug|Any CPU
		{F852CD56-9FB0-44C0-A314-D2CA81FDE461}.Debug|x64.Build.0 = Debug|Any CPU
		{F852CD56-9FB0-44C0-A314-D2CA81FDE461}.Debug|x86.ActiveCfg = Debug|Any CPU
		{F852CD56-9FB0-44C0-A314-D2CA81FDE461}.Debug|x86.Build.0 = Debug|Any CPU
		{F852CD56-9FB0-44C0-A314-D2CA81FDE461}.Release|Any CPU.ActiveCfg = Release|Any CPU
		{F852CD56-9FB0-44C0-A314-D2CA81FDE461}.Release|Any CPU.Build.0 = Release|Any CPU
		{F852CD56-9FB0-44C0-A314-D2CA81FDE461}.Release|ARM.ActiveCfg = Release|Any CPU
		{F852CD56-9FB0-44C0-A314-D2CA81FDE461}.Release|ARM.Build.0 = Release|Any CPU
		{F852CD56-9FB0-44C0-A314-D2CA81FDE461}.Release|ARM64.ActiveCfg = Release|Any CPU
		{F852CD56-9FB0-44C0-A314-D2CA81FDE461}.Release|ARM64.Build.0 = Release|Any CPU
		{F852CD56-9FB0-44C0-A314-D2CA81FDE461}.Release|x64.ActiveCfg = Release|Any CPU
		{F852CD56-9FB0-44C0-A314-D2CA81FDE461}.Release|x64.Build.0 = Release|Any CPU
		{F852CD56-9FB0-44C0-A314-D2CA81FDE461}.Release|x86.ActiveCfg = Release|Any CPU
		{F852CD56-9FB0-44C0-A314-D2CA81FDE461}.Release|x86.Build.0 = Release|Any CPU
		{26E4B133-CC19-49D8-B4A3-03796B35B987}.Debug|Any CPU.ActiveCfg = Debug|Any CPU
		{26E4B133-CC19-49D8-B4A3-03796B35B987}.Debug|Any CPU.Build.0 = Debug|Any CPU
		{26E4B133-CC19-49D8-B4A3-03796B35B987}.Debug|ARM.ActiveCfg = Debug|Any CPU
		{26E4B133-CC19-49D8-B4A3-03796B35B987}.Debug|ARM.Build.0 = Debug|Any CPU
		{26E4B133-CC19-49D8-B4A3-03796B35B987}.Debug|ARM64.ActiveCfg = Debug|Any CPU
		{26E4B133-CC19-49D8-B4A3-03796B35B987}.Debug|ARM64.Build.0 = Debug|Any CPU
		{26E4B133-CC19-49D8-B4A3-03796B35B987}.Debug|x64.ActiveCfg = Debug|Any CPU
		{26E4B133-CC19-49D8-B4A3-03796B35B987}.Debug|x64.Build.0 = Debug|Any CPU
		{26E4B133-CC19-49D8-B4A3-03796B35B987}.Debug|x86.ActiveCfg = Debug|Any CPU
		{26E4B133-CC19-49D8-B4A3-03796B35B987}.Debug|x86.Build.0 = Debug|Any CPU
		{26E4B133-CC19-49D8-B4A3-03796B35B987}.Release|Any CPU.ActiveCfg = Release|Any CPU
		{26E4B133-CC19-49D8-B4A3-03796B35B987}.Release|Any CPU.Build.0 = Release|Any CPU
		{26E4B133-CC19-49D8-B4A3-03796B35B987}.Release|ARM.ActiveCfg = Release|Any CPU
		{26E4B133-CC19-49D8-B4A3-03796B35B987}.Release|ARM.Build.0 = Release|Any CPU
		{26E4B133-CC19-49D8-B4A3-03796B35B987}.Release|ARM64.ActiveCfg = Release|Any CPU
		{26E4B133-CC19-49D8-B4A3-03796B35B987}.Release|ARM64.Build.0 = Release|Any CPU
		{26E4B133-CC19-49D8-B4A3-03796B35B987}.Release|x64.ActiveCfg = Release|Any CPU
		{26E4B133-CC19-49D8-B4A3-03796B35B987}.Release|x64.Build.0 = Release|Any CPU
		{26E4B133-CC19-49D8-B4A3-03796B35B987}.Release|x86.ActiveCfg = Release|Any CPU
		{26E4B133-CC19-49D8-B4A3-03796B35B987}.Release|x86.Build.0 = Release|Any CPU
		{071C1DB4-DFD2-4412-A595-11B8410DDBFE}.Debug|Any CPU.ActiveCfg = Debug|Any CPU
		{071C1DB4-DFD2-4412-A595-11B8410DDBFE}.Debug|Any CPU.Build.0 = Debug|Any CPU
		{071C1DB4-DFD2-4412-A595-11B8410DDBFE}.Debug|Any CPU.Deploy.0 = Debug|Any CPU
		{071C1DB4-DFD2-4412-A595-11B8410DDBFE}.Debug|ARM.ActiveCfg = Debug|ARM
		{071C1DB4-DFD2-4412-A595-11B8410DDBFE}.Debug|ARM.Build.0 = Debug|ARM
		{071C1DB4-DFD2-4412-A595-11B8410DDBFE}.Debug|ARM.Deploy.0 = Debug|ARM
		{071C1DB4-DFD2-4412-A595-11B8410DDBFE}.Debug|ARM64.ActiveCfg = Debug|ARM64
		{071C1DB4-DFD2-4412-A595-11B8410DDBFE}.Debug|ARM64.Build.0 = Debug|ARM64
		{071C1DB4-DFD2-4412-A595-11B8410DDBFE}.Debug|ARM64.Deploy.0 = Debug|ARM64
		{071C1DB4-DFD2-4412-A595-11B8410DDBFE}.Debug|x64.ActiveCfg = Debug|x64
		{071C1DB4-DFD2-4412-A595-11B8410DDBFE}.Debug|x64.Build.0 = Debug|x64
		{071C1DB4-DFD2-4412-A595-11B8410DDBFE}.Debug|x64.Deploy.0 = Debug|x64
		{071C1DB4-DFD2-4412-A595-11B8410DDBFE}.Debug|x86.ActiveCfg = Debug|x86
		{071C1DB4-DFD2-4412-A595-11B8410DDBFE}.Debug|x86.Build.0 = Debug|x86
		{071C1DB4-DFD2-4412-A595-11B8410DDBFE}.Debug|x86.Deploy.0 = Debug|x86
		{071C1DB4-DFD2-4412-A595-11B8410DDBFE}.Release|Any CPU.ActiveCfg = Release|Any CPU
		{071C1DB4-DFD2-4412-A595-11B8410DDBFE}.Release|Any CPU.Build.0 = Release|Any CPU
		{071C1DB4-DFD2-4412-A595-11B8410DDBFE}.Release|Any CPU.Deploy.0 = Release|Any CPU
		{071C1DB4-DFD2-4412-A595-11B8410DDBFE}.Release|ARM.ActiveCfg = Release|ARM
		{071C1DB4-DFD2-4412-A595-11B8410DDBFE}.Release|ARM.Build.0 = Release|ARM
		{071C1DB4-DFD2-4412-A595-11B8410DDBFE}.Release|ARM.Deploy.0 = Release|ARM
		{071C1DB4-DFD2-4412-A595-11B8410DDBFE}.Release|ARM64.ActiveCfg = Release|ARM64
		{071C1DB4-DFD2-4412-A595-11B8410DDBFE}.Release|ARM64.Build.0 = Release|ARM64
		{071C1DB4-DFD2-4412-A595-11B8410DDBFE}.Release|ARM64.Deploy.0 = Release|ARM64
		{071C1DB4-DFD2-4412-A595-11B8410DDBFE}.Release|x64.ActiveCfg = Release|x64
		{071C1DB4-DFD2-4412-A595-11B8410DDBFE}.Release|x64.Build.0 = Release|x64
		{071C1DB4-DFD2-4412-A595-11B8410DDBFE}.Release|x64.Deploy.0 = Release|x64
		{071C1DB4-DFD2-4412-A595-11B8410DDBFE}.Release|x86.ActiveCfg = Release|x86
		{071C1DB4-DFD2-4412-A595-11B8410DDBFE}.Release|x86.Build.0 = Release|x86
		{071C1DB4-DFD2-4412-A595-11B8410DDBFE}.Release|x86.Deploy.0 = Release|x86
	EndGlobalSection
	GlobalSection(SolutionProperties) = preSolution
		HideSolutionNode = FALSE
	EndGlobalSection
	GlobalSection(NestedProjects) = preSolution
		{3373640C-084C-464E-81CE-6FB825A49595} = {78580EF7-A758-4CE3-858B-FB98318E1CAA}
		{E1F69249-32FA-4284-A631-B7E5F7572CBB} = {78580EF7-A758-4CE3-858B-FB98318E1CAA}
		{4A6B94CB-A56A-4F21-961A-CF51088B5A88} = {78580EF7-A758-4CE3-858B-FB98318E1CAA}
		{26B2754D-03E4-4A27-8C46-CF9AB760DB12} = {78580EF7-A758-4CE3-858B-FB98318E1CAA}
		{F941293C-8D37-42D4-8314-66BC9F9770B4} = {61700B53-9C37-4B60-A52D-33E51FD89B8F}
		{8C2F484D-69B4-4052-B89E-B8BC994C9673} = {61700B53-9C37-4B60-A52D-33E51FD89B8F}
		{70F71401-65F7-45A0-B430-ABED88FB4D2F} = {78580EF7-A758-4CE3-858B-FB98318E1CAA}
		{9ABD6CE6-6351-4122-BE1C-0F7FF6724D19} = {78580EF7-A758-4CE3-858B-FB98318E1CAA}
		{F852CD56-9FB0-44C0-A314-D2CA81FDE461} = {61700B53-9C37-4B60-A52D-33E51FD89B8F}
		{26E4B133-CC19-49D8-B4A3-03796B35B987} = {78580EF7-A758-4CE3-858B-FB98318E1CAA}
		{071C1DB4-DFD2-4412-A595-11B8410DDBFE} = {02EA681E-C7D8-13C7-8484-4AC65E1B71E8}
	EndGlobalSection
	GlobalSection(ExtensibilityGlobals) = postSolution
		SolutionGuid = {4B3FD197-BB31-4CE1-BD11-17B5A691F56A}
	EndGlobalSection
EndGlobal
